
Microsoft Visual Studio Solution File, Format Version 12.00
# Visual Studio Version 17
VisualStudioVersion = 17.2.32505.173
MinimumVisualStudioVersion = 10.0.40219.1
Project("{FAE04EC0-301F-11D3-BF4B-00C04F79EFBC}") = "BeehiveManagementSystem", "BeehiveManagementSystem\BeehiveManagementSystem.csproj", "{57204A36-2F20-4224-B8AD-70A323592E46}"
EndProject
Global
	GlobalSection(SolutionConfigurationPlatforms) = preSolution
		Debug|Any CPU = Debug|Any CPU
		Release|Any CPU = Release|Any CPU
	EndGlobalSection
	GlobalSection(ProjectConfigurationPlatforms) = postSolution
		{57204A36-2F20-4224-B8AD-70A323592E46}.Debug|Any CPU.ActiveCfg = Debug|Any CPU
		{57204A36-2F20-4224-B8AD-70A323592E46}.Debug|Any CPU.Build.0 = Debug|Any CPU
		{57204A36-2F20-4224-B8AD-70A323592E46}.Release|Any CPU.ActiveCfg = Release|Any CPU
		{57204A36-2F20-4224-B8AD-70A323592E46}.Release|Any CPU.Build.0 = Release|Any CPU
	EndGlobalSection
	GlobalSection(SolutionProperties) = preSolution
		HideSolutionNode = FALSE
	EndGlobalSection
	GlobalSection(ExtensibilityGlobals) = postSolution
		SolutionGuid = {AFD361E9-F6A9-44F2-A639-A8FAC9FEE759}
	EndGlobalSection
EndGlobal
